// !$*UTF8*$!
{
	archiveVersion = 1;
	classes = {
	};
	objectVersion = 56;
	objects = {

/* Begin PBXBuildFile section */
		E44206B32B51186200714E87 /* RSTwitterKit.framework in Frameworks */ = {isa = PBXBuildFile; fileRef = E44206B22B51186200714E87 /* RSTwitterKit.framework */; };
		E45D18CC2AF107CE007CADD6 /* TwitterRVKitDemoApp.swift in Sources */ = {isa = PBXBuildFile; fileRef = E45D18CB2AF107CE007CADD6 /* TwitterRVKitDemoApp.swift */; };
		E45D18D02AF107CF007CADD6 /* Assets.xcassets in Resources */ = {isa = PBXBuildFile; fileRef = E45D18CF2AF107CF007CADD6 /* Assets.xcassets */; };
		E45D18D32AF107CF007CADD6 /* Preview Assets.xcassets in Resources */ = {isa = PBXBuildFile; fileRef = E45D18D22AF107CF007CADD6 /* Preview Assets.xcassets */; };
		E45D19152AF10984007CADD6 /* Secrets.swift in Sources */ = {isa = PBXBuildFile; fileRef = E45D19092AF10984007CADD6 /* Secrets.swift */; };
		E45D19172AF10984007CADD6 /* UploadMedia.swift in Sources */ = {isa = PBXBuildFile; fileRef = E45D19122AF10984007CADD6 /* UploadMedia.swift */; };
		E45D19182AF10984007CADD6 /* ContentView.swift in Sources */ = {isa = PBXBuildFile; fileRef = E45D190B2AF10984007CADD6 /* ContentView.swift */; };
		E45D19192AF10984007CADD6 /* Tweets.swift in Sources */ = {isa = PBXBuildFile; fileRef = E45D19142AF10984007CADD6 /* Tweets.swift */; };
		E45D191A2AF10984007CADD6 /* PostTweet.swift in Sources */ = {isa = PBXBuildFile; fileRef = E45D19132AF10984007CADD6 /* PostTweet.swift */; };
		E45D19462AF10A3A007CADD6 /* MethodRow.swift in Sources */ = {isa = PBXBuildFile; fileRef = E45D190D2AF10984007CADD6 /* MethodRow.swift */; };
		E45D19472AF10A3C007CADD6 /* AsyncButton.swift in Sources */ = {isa = PBXBuildFile; fileRef = E45D190E2AF10984007CADD6 /* AsyncButton.swift */; };
		E45D19482AF10A3E007CADD6 /* PhotoPicker.swift in Sources */ = {isa = PBXBuildFile; fileRef = E45D190F2AF10984007CADD6 /* PhotoPicker.swift */; };
		E45D19502AF2004D007CADD6 /* PageViewController.swift in Sources */ = {isa = PBXBuildFile; fileRef = E45D194F2AF2004D007CADD6 /* PageViewController.swift */; };
		E4DD0E1D2AF8A1A100FCE75F /* photo.jpeg in Resources */ = {isa = PBXBuildFile; fileRef = E4DD0E1C2AF89E5600FCE75F /* photo.jpeg */; };
/* End PBXBuildFile section */

/* Begin PBXFileReference section */
		E44206B22B51186200714E87 /* RSTwitterKit.framework */ = {isa = PBXFileReference; explicitFileType = wrapper.framework; path = RSTwitterKit.framework; sourceTree = BUILT_PRODUCTS_DIR; };
		E45D18C82AF107CE007CADD6 /* RSTwitterKitDemo.app */ = {isa = PBXFileReference; explicitFileType = wrapper.application; includeInIndex = 0; path = RSTwitterKitDemo.app; sourceTree = BUILT_PRODUCTS_DIR; };
		E45D18CB2AF107CE007CADD6 /* TwitterRVKitDemoApp.swift */ = {isa = PBXFileReference; lastKnownFileType = sourcecode.swift; path = TwitterRVKitDemoApp.swift; sourceTree = "<group>"; };
		E45D18CF2AF107CF007CADD6 /* Assets.xcassets */ = {isa = PBXFileReference; lastKnownFileType = folder.assetcatalog; path = Assets.xcassets; sourceTree = "<group>"; };
		E45D18D22AF107CF007CADD6 /* Preview Assets.xcassets */ = {isa = PBXFileReference; lastKnownFileType = folder.assetcatalog; path = "Preview Assets.xcassets"; sourceTree = "<group>"; };
		E45D18F52AF108D6007CADD6 /* TwitterRVKit.framework */ = {isa = PBXFileReference; explicitFileType = wrapper.framework; path = TwitterRVKit.framework; sourceTree = BUILT_PRODUCTS_DIR; };
		E45D19092AF10984007CADD6 /* Secrets.swift */ = {isa = PBXFileReference; lastKnownFileType = sourcecode.swift; path = Secrets.swift; sourceTree = "<group>"; };
		E45D190B2AF10984007CADD6 /* ContentView.swift */ = {isa = PBXFileReference; lastKnownFileType = sourcecode.swift; path = ContentView.swift; sourceTree = "<group>"; };
		E45D190D2AF10984007CADD6 /* MethodRow.swift */ = {isa = PBXFileReference; lastKnownFileType = sourcecode.swift; path = MethodRow.swift; sourceTree = "<group>"; };
		E45D190E2AF10984007CADD6 /* AsyncButton.swift */ = {isa = PBXFileReference; lastKnownFileType = sourcecode.swift; path = AsyncButton.swift; sourceTree = "<group>"; };
		E45D190F2AF10984007CADD6 /* PhotoPicker.swift */ = {isa = PBXFileReference; lastKnownFileType = sourcecode.swift; path = PhotoPicker.swift; sourceTree = "<group>"; };
		E45D19122AF10984007CADD6 /* UploadMedia.swift */ = {isa = PBXFileReference; lastKnownFileType = sourcecode.swift; path = UploadMedia.swift; sourceTree = "<group>"; };
		E45D19132AF10984007CADD6 /* PostTweet.swift */ = {isa = PBXFileReference; lastKnownFileType = sourcecode.swift; path = PostTweet.swift; sourceTree = "<group>"; };
		E45D19142AF10984007CADD6 /* Tweets.swift */ = {isa = PBXFileReference; lastKnownFileType = sourcecode.swift; path = Tweets.swift; sourceTree = "<group>"; };
		E45D194F2AF2004D007CADD6 /* PageViewController.swift */ = {isa = PBXFileReference; lastKnownFileType = sourcecode.swift; path = PageViewController.swift; sourceTree = "<group>"; };
		E4DD0E122AF2561400FCE75F /* Info.plist */ = {isa = PBXFileReference; lastKnownFileType = text.plist; path = Info.plist; sourceTree = "<group>"; };
		E4DD0E1C2AF89E5600FCE75F /* photo.jpeg */ = {isa = PBXFileReference; lastKnownFileType = image.jpeg; path = photo.jpeg; sourceTree = "<group>"; };
/* End PBXFileReference section */

/* Begin PBXFrameworksBuildPhase section */
		E45D18C52AF107CE007CADD6 /* Frameworks */ = {
			isa = PBXFrameworksBuildPhase;
			buildActionMask = 2147483647;
			files = (
				E44206B32B51186200714E87 /* RSTwitterKit.framework in Frameworks */,
			);
			runOnlyForDeploymentPostprocessing = 0;
		};
/* End PBXFrameworksBuildPhase section */

/* Begin PBXGroup section */
		E45D18BF2AF107CE007CADD6 = {
			isa = PBXGroup;
			children = (
				E45D18CA2AF107CE007CADD6 /* RSTwitterKitDemo */,
				E45D18C92AF107CE007CADD6 /* Products */,
				E45D18F42AF108D6007CADD6 /* Frameworks */,
			);
			sourceTree = "<group>";
		};
		E45D18C92AF107CE007CADD6 /* Products */ = {
			isa = PBXGroup;
			children = (
				E45D18C82AF107CE007CADD6 /* RSTwitterKitDemo.app */,
			);
			name = Products;
			sourceTree = "<group>";
		};
		E45D18CA2AF107CE007CADD6 /* RSTwitterKitDemo */ = {
			isa = PBXGroup;
			children = (
				E4DD0E122AF2561400FCE75F /* Info.plist */,
				E45D18CB2AF107CE007CADD6 /* TwitterRVKitDemoApp.swift */,
				E45D190B2AF10984007CADD6 /* ContentView.swift */,
				E45D19092AF10984007CADD6 /* Secrets.swift */,
				E45D194F2AF2004D007CADD6 /* PageViewController.swift */,
				E45D190C2AF10984007CADD6 /* Views */,
				E45D19132AF10984007CADD6 /* PostTweet.swift */,
				E45D19142AF10984007CADD6 /* Tweets.swift */,
				E45D19122AF10984007CADD6 /* UploadMedia.swift */,
				E4DD0E1C2AF89E5600FCE75F /* photo.jpeg */,
				E45D18CF2AF107CF007CADD6 /* Assets.xcassets */,
				E45D18D12AF107CF007CADD6 /* Preview Content */,
			);
			path = RSTwitterKitDemo;
			sourceTree = "<group>";
		};
		E45D18D12AF107CF007CADD6 /* Preview Content */ = {
			isa = PBXGroup;
			children = (
				E45D18D22AF107CF007CADD6 /* Preview Assets.xcassets */,
			);
			path = "Preview Content";
			sourceTree = "<group>";
		};
		E45D18F42AF108D6007CADD6 /* Frameworks */ = {
			isa = PBXGroup;
			children = (
				E44206B22B51186200714E87 /* RSTwitterKit.framework */,
				E45D18F52AF108D6007CADD6 /* TwitterRVKit.framework */,
			);
			name = Frameworks;
			sourceTree = "<group>";
		};
		E45D190C2AF10984007CADD6 /* Views */ = {
			isa = PBXGroup;
			children = (
				E45D190D2AF10984007CADD6 /* MethodRow.swift */,
				E45D190E2AF10984007CADD6 /* AsyncButton.swift */,
				E45D190F2AF10984007CADD6 /* PhotoPicker.swift */,
			);
			path = Views;
			sourceTree = "<group>";
		};
/* End PBXGroup section */

/* Begin PBXNativeTarget section */
		E45D18C72AF107CE007CADD6 /* RSTwitterKitDemo */ = {
			isa = PBXNativeTarget;
			buildConfigurationList = E45D18D62AF107CF007CADD6 /* Build configuration list for PBXNativeTarget "RSTwitterKitDemo" */;
			buildPhases = (
				E45D18C42AF107CE007CADD6 /* Sources */,
				E45D18C52AF107CE007CADD6 /* Frameworks */,
				E45D18C62AF107CE007CADD6 /* Resources */,
			);
			buildRules = (
			);
			dependencies = (
			);
			name = RSTwitterKitDemo;
			productName = TwitterRVKitDemo;
			productReference = E45D18C82AF107CE007CADD6 /* RSTwitterKitDemo.app */;
			productType = "com.apple.product-type.application";
		};
/* End PBXNativeTarget section */

/* Begin PBXProject section */
		E45D18C02AF107CE007CADD6 /* Project object */ = {
			isa = PBXProject;
			attributes = {
				BuildIndependentTargetsInParallel = 1;
				LastSwiftUpdateCheck = 1500;
				LastUpgradeCheck = 1500;
				TargetAttributes = {
					E45D18C72AF107CE007CADD6 = {
						CreatedOnToolsVersion = 15.0;
						LastSwiftMigration = 1500;
					};
				};
			};
			buildConfigurationList = E45D18C32AF107CE007CADD6 /* Build configuration list for PBXProject "RSTwitterKitDemo" */;
			compatibilityVersion = "Xcode 14.0";
			developmentRegion = en;
			hasScannedForEncodings = 0;
			knownRegions = (
				en,
				Base,
			);
			mainGroup = E45D18BF2AF107CE007CADD6;
			productRefGroup = E45D18C92AF107CE007CADD6 /* Products */;
			projectDirPath = "";
			projectRoot = "";
			targets = (
				E45D18C72AF107CE007CADD6 /* RSTwitterKitDemo */,
			);
		};
/* End PBXProject section */

/* Begin PBXResourcesBuildPhase section */
		E45D18C62AF107CE007CADD6 /* Resources */ = {
			isa = PBXResourcesBuildPhase;
			buildActionMask = 2147483647;
			files = (
				E45D18D32AF107CF007CADD6 /* Preview Assets.xcassets in Resources */,
				E4DD0E1D2AF8A1A100FCE75F /* photo.jpeg in Resources */,
				E45D18D02AF107CF007CADD6 /* Assets.xcassets in Resources */,
			);
			runOnlyForDeploymentPostprocessing = 0;
		};
/* End PBXResourcesBuildPhase section */

/* Begin PBXSourcesBuildPhase section */
		E45D18C42AF107CE007CADD6 /* Sources */ = {
			isa = PBXSourcesBuildPhase;
			buildActionMask = 2147483647;
			files = (
				E45D19182AF10984007CADD6 /* ContentView.swift in Sources */,
				E45D19502AF2004D007CADD6 /* PageViewController.swift in Sources */,
				E45D19172AF10984007CADD6 /* UploadMedia.swift in Sources */,
				E45D19462AF10A3A007CADD6 /* MethodRow.swift in Sources */,
				E45D18CC2AF107CE007CADD6 /* TwitterRVKitDemoApp.swift in Sources */,
				E45D19472AF10A3C007CADD6 /* AsyncButton.swift in Sources */,
				E45D19152AF10984007CADD6 /* Secrets.swift in Sources */,
				E45D19192AF10984007CADD6 /* Tweets.swift in Sources */,
				E45D19482AF10A3E007CADD6 /* PhotoPicker.swift in Sources */,
				E45D191A2AF10984007CADD6 /* PostTweet.swift in Sources */,
			);
			runOnlyForDeploymentPostprocessing = 0;
		};
/* End PBXSourcesBuildPhase section */

/* Begin XCBuildConfiguration section */
		E45D18D42AF107CF007CADD6 /* Debug */ = {
			isa = XCBuildConfiguration;
			buildSettings = {
				ALWAYS_SEARCH_USER_PATHS = NO;
				ASSETCATALOG_COMPILER_GENERATE_SWIFT_ASSET_SYMBOL_EXTENSIONS = YES;
				CLANG_ANALYZER_NONNULL = YES;
				CLANG_ANALYZER_NUMBER_OBJECT_CONVERSION = YES_AGGRESSIVE;
				CLANG_CXX_LANGUAGE_STANDARD = "gnu++20";
				CLANG_ENABLE_MODULES = YES;
				CLANG_ENABLE_OBJC_ARC = YES;
				CLANG_ENABLE_OBJC_WEAK = YES;
				CLANG_WARN_BLOCK_CAPTURE_AUTORELEASING = YES;
				CLANG_WARN_BOOL_CONVERSION = YES;
				CLANG_WARN_COMMA = YES;
				CLANG_WARN_CONSTANT_CONVERSION = YES;
				CLANG_WARN_DEPRECATED_OBJC_IMPLEMENTATIONS = YES;
				CLANG_WARN_DIRECT_OBJC_ISA_USAGE = YES_ERROR;
				CLANG_WARN_DOCUMENTATION_COMMENTS = YES;
				CLANG_WARN_EMPTY_BODY = YES;
				CLANG_WARN_ENUM_CONVERSION = YES;
				CLANG_WARN_INFINITE_RECURSION = YES;
				CLANG_WARN_INT_CONVERSION = YES;
				CLANG_WARN_NON_LITERAL_NULL_CONVERSION = YES;
				CLANG_WARN_OBJC_IMPLICIT_RETAIN_SELF = YES;
				CLANG_WARN_OBJC_LITERAL_CONVERSION = YES;
				CLANG_WARN_OBJC_ROOT_CLASS = YES_ERROR;
				CLANG_WARN_QUOTED_INCLUDE_IN_FRAMEWORK_HEADER = YES;
				CLANG_WARN_RANGE_LOOP_ANALYSIS = YES;
				CLANG_WARN_STRICT_PROTOTYPES = YES;
				CLANG_WARN_SUSPICIOUS_MOVE = YES;
				CLANG_WARN_UNGUARDED_AVAILABILITY = YES_AGGRESSIVE;
				CLANG_WARN_UNREACHABLE_CODE = YES;
				CLANG_WARN__DUPLICATE_METHOD_MATCH = YES;
				COPY_PHASE_STRIP = NO;
				DEBUG_INFORMATION_FORMAT = dwarf;
				ENABLE_STRICT_OBJC_MSGSEND = YES;
				ENABLE_TESTABILITY = YES;
				ENABLE_USER_SCRIPT_SANDBOXING = YES;
				GCC_C_LANGUAGE_STANDARD = gnu17;
				GCC_DYNAMIC_NO_PIC = NO;
				GCC_NO_COMMON_BLOCKS = YES;
				GCC_OPTIMIZATION_LEVEL = 0;
				GCC_PREPROCESSOR_DEFINITIONS = (
					"DEBUG=1",
					"$(inherited)",
				);
				GCC_WARN_64_TO_32_BIT_CONVERSION = YES;
				GCC_WARN_ABOUT_RETURN_TYPE = YES_ERROR;
				GCC_WARN_UNDECLARED_SELECTOR = YES;
				GCC_WARN_UNINITIALIZED_AUTOS = YES_AGGRESSIVE;
				GCC_WARN_UNUSED_FUNCTION = YES;
				GCC_WARN_UNUSED_VARIABLE = YES;
				IPHONEOS_DEPLOYMENT_TARGET = 17.0;
				LOCALIZATION_PREFERS_STRING_CATALOGS = YES;
				MTL_ENABLE_DEBUG_INFO = INCLUDE_SOURCE;
				MTL_FAST_MATH = YES;
				ONLY_ACTIVE_ARCH = YES;
				SDKROOT = iphoneos;
				SWIFT_ACTIVE_COMPILATION_CONDITIONS = "DEBUG $(inherited)";
				SWIFT_OPTIMIZATION_LEVEL = "-Onone";
			};
			name = Debug;
		};
		E45D18D52AF107CF007CADD6 /* Release */ = {
			isa = XCBuildConfiguration;
			buildSettings = {
				ALWAYS_SEARCH_USER_PATHS = NO;
				ASSETCATALOG_COMPILER_GENERATE_SWIFT_ASSET_SYMBOL_EXTENSIONS = YES;
				CLANG_ANALYZER_NONNULL = YES;
				CLANG_ANALYZER_NUMBER_OBJECT_CONVERSION = YES_AGGRESSIVE;
				CLANG_CXX_LANGUAGE_STANDARD = "gnu++20";
				CLANG_ENABLE_MODULES = YES;
				CLANG_ENABLE_OBJC_ARC = YES;
				CLANG_ENABLE_OBJC_WEAK = YES;
				CLANG_WARN_BLOCK_CAPTURE_AUTORELEASING = YES;
				CLANG_WARN_BOOL_CONVERSION = YES;
				CLANG_WARN_COMMA = YES;
				CLANG_WARN_CONSTANT_CONVERSION = YES;
				CLANG_WARN_DEPRECATED_OBJC_IMPLEMENTATIONS = YES;
				CLANG_WARN_DIRECT_OBJC_ISA_USAGE = YES_ERROR;
				CLANG_WARN_DOCUMENTATION_COMMENTS = YES;
				CLANG_WARN_EMPTY_BODY = YES;
				CLANG_WARN_ENUM_CONVERSION = YES;
				CLANG_WARN_INFINITE_RECURSION = YES;
				CLANG_WARN_INT_CONVERSION = YES;
				CLANG_WARN_NON_LITERAL_NULL_CONVERSION = YES;
				CLANG_WARN_OBJC_IMPLICIT_RETAIN_SELF = YES;
				CLANG_WARN_OBJC_LITERAL_CONVERSION = YES;
				CLANG_WARN_OBJC_ROOT_CLASS = YES_ERROR;
				CLANG_WARN_QUOTED_INCLUDE_IN_FRAMEWORK_HEADER = YES;
				CLANG_WARN_RANGE_LOOP_ANALYSIS = YES;
				CLANG_WARN_STRICT_PROTOTYPES = YES;
				CLANG_WARN_SUSPICIOUS_MOVE = YES;
				CLANG_WARN_UNGUARDED_AVAILABILITY = YES_AGGRESSIVE;
				CLANG_WARN_UNREACHABLE_CODE = YES;
				CLANG_WARN__DUPLICATE_METHOD_MATCH = YES;
				COPY_PHASE_STRIP = NO;
				DEBUG_INFORMATION_FORMAT = "dwarf-with-dsym";
				ENABLE_NS_ASSERTIONS = NO;
				ENABLE_STRICT_OBJC_MSGSEND = YES;
				ENABLE_USER_SCRIPT_SANDBOXING = YES;
				GCC_C_LANGUAGE_STANDARD = gnu17;
				GCC_NO_COMMON_BLOCKS = YES;
				GCC_WARN_64_TO_32_BIT_CONVERSION = YES;
				GCC_WARN_ABOUT_RETURN_TYPE = YES_ERROR;
				GCC_WARN_UNDECLARED_SELECTOR = YES;
				GCC_WARN_UNINITIALIZED_AUTOS = YES_AGGRESSIVE;
				GCC_WARN_UNUSED_FUNCTION = YES;
				GCC_WARN_UNUSED_VARIABLE = YES;
				IPHONEOS_DEPLOYMENT_TARGET = 17.0;
				LOCALIZATION_PREFERS_STRING_CATALOGS = YES;
				MTL_ENABLE_DEBUG_INFO = NO;
				MTL_FAST_MATH = YES;
				SDKROOT = iphoneos;
				SWIFT_COMPILATION_MODE = wholemodule;
				VALIDATE_PRODUCT = YES;
			};
			name = Release;
		};
		E45D18D72AF107CF007CADD6 /* Debug */ = {
			isa = XCBuildConfiguration;
			buildSettings = {
				ASSETCATALOG_COMPILER_APPICON_NAME = AppIcon;
				ASSETCATALOG_COMPILER_GLOBAL_ACCENT_COLOR_NAME = AccentColor;
				CLANG_ENABLE_MODULES = YES;
				CODE_SIGN_STYLE = Manual;
				CURRENT_PROJECT_VERSION = 1;
				DEVELOPMENT_ASSET_PATHS = "\"RSTwitterKitDemo/Preview Content\"";
				DEVELOPMENT_TEAM = "";
				ENABLE_PREVIEWS = YES;
				GENERATE_INFOPLIST_FILE = YES;
				INFOPLIST_FILE = RSTwitterKitDemo/Info.plist;
				INFOPLIST_KEY_UIApplicationSceneManifest_Generation = YES;
				INFOPLIST_KEY_UIApplicationSupportsIndirectInputEvents = YES;
				INFOPLIST_KEY_UILaunchScreen_Generation = YES;
				INFOPLIST_KEY_UISupportedInterfaceOrientations_iPad = "UIInterfaceOrientationPortrait UIInterfaceOrientationPortraitUpsideDown UIInterfaceOrientationLandscapeLeft UIInterfaceOrientationLandscapeRight";
				INFOPLIST_KEY_UISupportedInterfaceOrientations_iPhone = "UIInterfaceOrientationPortrait UIInterfaceOrientationLandscapeLeft UIInterfaceOrientationLandscapeRight";
				IPHONEOS_DEPLOYMENT_TARGET = 15.0;
				LD_RUNPATH_SEARCH_PATHS = (
					"$(inherited)",
					"@executable_path/Frameworks",
				);
				MARKETING_VERSION = 1.0;
				PRODUCT_BUNDLE_IDENTIFIER = com.global.RSTwitterKitDemo.ios;
				PRODUCT_NAME = "$(TARGET_NAME)";
				PROVISIONING_PROFILE_SPECIFIER = "";
				SWIFT_EMIT_LOC_STRINGS = YES;
				SWIFT_OPTIMIZATION_LEVEL = "-Onone";
				SWIFT_VERSION = 5.0;
				TARGETED_DEVICE_FAMILY = "1,2";
			};
			name = Debug;
		};
		E45D18D82AF107CF007CADD6 /* Release */ = {
			isa = XCBuildConfiguration;
			buildSettings = {
				ASSETCATALOG_COMPILER_APPICON_NAME = AppIcon;
				ASSETCATALOG_COMPILER_GLOBAL_ACCENT_COLOR_NAME = AccentColor;
				CLANG_ENABLE_MODULES = YES;
				CODE_SIGN_STYLE = Manual;
				CURRENT_PROJECT_VERSION = 1;
				DEVELOPMENT_ASSET_PATHS = "\"RSTwitterKitDemo/Preview Content\"";
				DEVELOPMENT_TEAM = "";
				ENABLE_PREVIEWS = YES;
				GENERATE_INFOPLIST_FILE = YES;
				INFOPLIST_FILE = RSTwitterKitDemo/Info.plist;
				INFOPLIST_KEY_UIApplicationSceneManifest_Generation = YES;
				INFOPLIST_KEY_UIApplicationSupportsIndirectInputEvents = YES;
				INFOPLIST_KEY_UILaunchScreen_Generation = YES;
				INFOPLIST_KEY_UISupportedInterfaceOrientations_iPad = "UIInterfaceOrientationPortrait UIInterfaceOrientationPortraitUpsideDown UIInterfaceOrientationLandscapeLeft UIInterfaceOrientationLandscapeRight";
				INFOPLIST_KEY_UISupportedInterfaceOrientations_iPhone = "UIInterfaceOrientationPortrait UIInterfaceOrientationLandscapeLeft UIInterfaceOrientationLandscapeRight";
				IPHONEOS_DEPLOYMENT_TARGET = 15.0;
				LD_RUNPATH_SEARCH_PATHS = (
					"$(inherited)",
					"@executable_path/Frameworks",
				);
				MARKETING_VERSION = 1.0;
				PRODUCT_BUNDLE_IDENTIFIER = com.global.RSTwitterKitDemo.ios;
				PRODUCT_NAME = "$(TARGET_NAME)";
				PROVISIONING_PROFILE_SPECIFIER = "";
				SWIFT_EMIT_LOC_STRINGS = YES;
				SWIFT_VERSION = 5.0;
				TARGETED_DEVICE_FAMILY = "1,2";
			};
			name = Release;
		};
/* End XCBuildConfiguration section */

/* Begin XCConfigurationList section */
		E45D18C32AF107CE007CADD6 /* Build configuration list for PBXProject "RSTwitterKitDemo" */ = {
			isa = XCConfigurationList;
			buildConfigurations = (
				E45D18D42AF107CF007CADD6 /* Debug */,
				E45D18D52AF107CF007CADD6 /* Release */,
			);
			defaultConfigurationIsVisible = 0;
			defaultConfigurationName = Release;
		};
		E45D18D62AF107CF007CADD6 /* Build configuration list for PBXNativeTarget "RSTwitterKitDemo" */ = {
			isa = XCConfigurationList;
			buildConfigurations = (
				E45D18D72AF107CF007CADD6 /* Debug */,
				E45D18D82AF107CF007CADD6 /* Release */,
			);
			defaultConfigurationIsVisible = 0;
			defaultConfigurationName = Release;
		};
/* End XCConfigurationList section */
	};
	rootObject = E45D18C02AF107CE007CADD6 /* Project object */;
}
